
Microsoft Visual Studio Solution File, Format Version 12.00
# Visual Studio Version 16
VisualStudioVersion = 16.0.32228.343
MinimumVisualStudioVersion = 10.0.40219.1
Project("{2150E333-8FDC-42A3-9474-1A3956D46DE8}") = "Sample", "Sample", "{07EF1061-8321-4B5C-8EF3-CB36797DBC4A}"
EndProject
Project("{FAE04EC0-301F-11D3-BF4B-00C04F79EFBC}") = "ConsoleApp0411", "Sample\ConsoleApp0411\ConsoleApp0411.csproj", "{B68CA503-33D8-4ED8-BCE4-E4E2F0D06653}"
EndProject
Project("{FAE04EC0-301F-11D3-BF4B-00C04F79EFBC}") = "BallApp", "Sample\BallApp\BallApp.csproj", "{B6C4D240-3C19-474A-BAB3-4F49C7E8112D}"
EndProject
Project("{2150E333-8FDC-42A3-9474-1A3956D46DE8}") = "Chapter01", "Chapter01", "{1F378907-2727-4FCB-B737-EC9B236F3A7F}"
EndProject
Project("{FAE04EC0-301F-11D3-BF4B-00C04F79EFBC}") = "ProductSample", "Chapter01\Product\ProductSample.csproj", "{1685FD24-3F61-4FB1-B0A2-F04CA8E811B5}"
EndProject
Project("{2150E333-8FDC-42A3-9474-1A3956D46DE8}") = "Chapter02", "Chapter02", "{E48EC100-F062-4839-8F6B-247A426E5F63}"
EndProject
Project("{2150E333-8FDC-42A3-9474-1A3956D46DE8}") = "距離換算プログラム", "距離換算プログラム", "{F50C7098-8F1C-4310-90DF-A94584AF5059}"
EndProject
Project("{FAE04EC0-301F-11D3-BF4B-00C04F79EFBC}") = "DistanceConverter", "Chapter02\距離換算プログラム\DistanceConverter\DistanceConverter.csproj", "{359AC620-6BBC-4CF2-8302-B9E9CAD9DFA9}"
EndProject
Project("{2150E333-8FDC-42A3-9474-1A3956D46DE8}") = "売上集計プログラム", "売上集計プログラム", "{BC8670B4-F46C-4504-9790-B9C16253182B}"
EndProject
Project("{FAE04EC0-301F-11D3-BF4B-00C04F79EFBC}") = "SalesCalculator", "Chapter02\売上集計プログラム\SalesCalculator\SalesCalculator.csproj", "{CBCA6A06-B5F7-4706-8265-F1BEB0C9748A}"
EndProject
Project("{2150E333-8FDC-42A3-9474-1A3956D46DE8}") = "演習問題", "演習問題", "{70663122-FE31-4C85-9111-E43FAE143892}"
EndProject
Project("{FAE04EC0-301F-11D3-BF4B-00C04F79EFBC}") = "Exercise01", "Chapter02\演習問題\Exercise01\Exercise01.csproj", "{C34C4162-5FB2-4FDF-A5FB-C74B29D39D35}"
EndProject
Project("{FAE04EC0-301F-11D3-BF4B-00C04F79EFBC}") = "Exercise02", "Chapter02\演習問題\Ecercise02\Exercise02\Exercise02.csproj", "{9FB27BD4-F209-402E-A8B9-8D87F9E9358E}"
EndProject
Project("{2150E333-8FDC-42A3-9474-1A3956D46DE8}") = "chapter03", "chapter03", "{A98FF42B-E639-4A9B-8472-C085545040A9}"
EndProject
Project("{FAE04EC0-301F-11D3-BF4B-00C04F79EFBC}") = "Section01", "Chapter03\Section01\Section01.csproj", "{CFDF6389-CFB8-47EE-B501-76566DD04653}"
EndProject
Project("{FAE04EC0-301F-11D3-BF4B-00C04F79EFBC}") = "Section03", "Chapter03\Section03\Section03.csproj", "{185A5D7A-5AD6-4893-A1C0-D05892B78341}"
EndProject
Project("{FAE04EC0-301F-11D3-BF4B-00C04F79EFBC}") = "Section04", "Chapter03\Section04\Section04.csproj", "{6A9C1EBA-7860-4370-81FD-8AF849C0F985}"
EndProject
Project("{2150E333-8FDC-42A3-9474-1A3956D46DE8}") = "演習問題", "演習問題", "{1E4C715B-9C72-4572-ACBA-165B66CAE160}"
EndProject
Project("{FAE04EC0-301F-11D3-BF4B-00C04F79EFBC}") = "Exercrise01", "Chapter03\演習問題\Exercrise01\Exercrise01.csproj", "{BDA6C036-697B-4DC4-8162-D0B7A632EAEB}"
EndProject
Global
	GlobalSection(SolutionConfigurationPlatforms) = preSolution
		Debug|Any CPU = Debug|Any CPU
		Release|Any CPU = Release|Any CPU
	EndGlobalSection
	GlobalSection(ProjectConfigurationPlatforms) = postSolution
		{B68CA503-33D8-4ED8-BCE4-E4E2F0D06653}.Debug|Any CPU.ActiveCfg = Debug|Any CPU
		{B68CA503-33D8-4ED8-BCE4-E4E2F0D06653}.Debug|Any CPU.Build.0 = Debug|Any CPU
		{B68CA503-33D8-4ED8-BCE4-E4E2F0D06653}.Release|Any CPU.ActiveCfg = Release|Any CPU
		{B68CA503-33D8-4ED8-BCE4-E4E2F0D06653}.Release|Any CPU.Build.0 = Release|Any CPU
		{B6C4D240-3C19-474A-BAB3-4F49C7E8112D}.Debug|Any CPU.ActiveCfg = Debug|Any CPU
		{B6C4D240-3C19-474A-BAB3-4F49C7E8112D}.Debug|Any CPU.Build.0 = Debug|Any CPU
		{B6C4D240-3C19-474A-BAB3-4F49C7E8112D}.Release|Any CPU.ActiveCfg = Release|Any CPU
		{B6C4D240-3C19-474A-BAB3-4F49C7E8112D}.Release|Any CPU.Build.0 = Release|Any CPU
		{1685FD24-3F61-4FB1-B0A2-F04CA8E811B5}.Debug|Any CPU.ActiveCfg = Debug|Any CPU
		{1685FD24-3F61-4FB1-B0A2-F04CA8E811B5}.Debug|Any CPU.Build.0 = Debug|Any CPU
		{1685FD24-3F61-4FB1-B0A2-F04CA8E811B5}.Release|Any CPU.ActiveCfg = Release|Any CPU
		{1685FD24-3F61-4FB1-B0A2-F04CA8E811B5}.Release|Any CPU.Build.0 = Release|Any CPU
		{359AC620-6BBC-4CF2-8302-B9E9CAD9DFA9}.Debug|Any CPU.ActiveCfg = Debug|Any CPU
		{359AC620-6BBC-4CF2-8302-B9E9CAD9DFA9}.Debug|Any CPU.Build.0 = Debug|Any CPU
		{359AC620-6BBC-4CF2-8302-B9E9CAD9DFA9}.Release|Any CPU.ActiveCfg = Release|Any CPU
		{359AC620-6BBC-4CF2-8302-B9E9CAD9DFA9}.Release|Any CPU.Build.0 = Release|Any CPU
		{CBCA6A06-B5F7-4706-8265-F1BEB0C9748A}.Debug|Any CPU.ActiveCfg = Debug|Any CPU
		{CBCA6A06-B5F7-4706-8265-F1BEB0C9748A}.Debug|Any CPU.Build.0 = Debug|Any CPU
		{CBCA6A06-B5F7-4706-8265-F1BEB0C9748A}.Release|Any CPU.ActiveCfg = Release|Any CPU
		{CBCA6A06-B5F7-4706-8265-F1BEB0C9748A}.Release|Any CPU.Build.0 = Release|Any CPU
		{C34C4162-5FB2-4FDF-A5FB-C74B29D39D35}.Debug|Any CPU.ActiveCfg = Debug|Any CPU
		{C34C4162-5FB2-4FDF-A5FB-C74B29D39D35}.Debug|Any CPU.Build.0 = Debug|Any CPU
		{C34C4162-5FB2-4FDF-A5FB-C74B29D39D35}.Release|Any CPU.ActiveCfg = Release|Any CPU
		{C34C4162-5FB2-4FDF-A5FB-C74B29D39D35}.Release|Any CPU.Build.0 = Release|Any CPU
		{9FB27BD4-F209-402E-A8B9-8D87F9E9358E}.Debug|Any CPU.ActiveCfg = Debug|Any CPU
		{9FB27BD4-F209-402E-A8B9-8D87F9E9358E}.Debug|Any CPU.Build.0 = Debug|Any CPU
		{9FB27BD4-F209-402E-A8B9-8D87F9E9358E}.Release|Any CPU.ActiveCfg = Release|Any CPU
		{9FB27BD4-F209-402E-A8B9-8D87F9E9358E}.Release|Any CPU.Build.0 = Release|Any CPU
		{CFDF6389-CFB8-47EE-B501-76566DD04653}.Debug|Any CPU.ActiveCfg = Debug|Any CPU
		{CFDF6389-CFB8-47EE-B501-76566DD04653}.Debug|Any CPU.Build.0 = Debug|Any CPU
		{CFDF6389-CFB8-47EE-B501-76566DD04653}.Release|Any CPU.ActiveCfg = Release|Any CPU
		{CFDF6389-CFB8-47EE-B501-76566DD04653}.Release|Any CPU.Build.0 = Release|Any CPU
		{185A5D7A-5AD6-4893-A1C0-D05892B78341}.Debug|Any CPU.ActiveCfg = Debug|Any CPU
		{185A5D7A-5AD6-4893-A1C0-D05892B78341}.Debug|Any CPU.Build.0 = Debug|Any CPU
		{185A5D7A-5AD6-4893-A1C0-D05892B78341}.Release|Any CPU.ActiveCfg = Release|Any CPU
		{185A5D7A-5AD6-4893-A1C0-D05892B78341}.Release|Any CPU.Build.0 = Release|Any CPU
		{6A9C1EBA-7860-4370-81FD-8AF849C0F985}.Debug|Any CPU.ActiveCfg = Debug|Any CPU
		{6A9C1EBA-7860-4370-81FD-8AF849C0F985}.Debug|Any CPU.Build.0 = Debug|Any CPU
		{6A9C1EBA-7860-4370-81FD-8AF849C0F985}.Release|Any CPU.ActiveCfg = Release|Any CPU
		{6A9C1EBA-7860-4370-81FD-8AF849C0F985}.Release|Any CPU.Build.0 = Release|Any CPU
		{BDA6C036-697B-4DC4-8162-D0B7A632EAEB}.Debug|Any CPU.ActiveCfg = Debug|Any CPU
		{BDA6C036-697B-4DC4-8162-D0B7A632EAEB}.Debug|Any CPU.Build.0 = Debug|Any CPU
		{BDA6C036-697B-4DC4-8162-D0B7A632EAEB}.Release|Any CPU.ActiveCfg = Release|Any CPU
		{BDA6C036-697B-4DC4-8162-D0B7A632EAEB}.Release|Any CPU.Build.0 = Release|Any CPU
	EndGlobalSection
	GlobalSection(SolutionProperties) = preSolution
		HideSolutionNode = FALSE
	EndGlobalSection
	GlobalSection(NestedProjects) = preSolution
		{B68CA503-33D8-4ED8-BCE4-E4E2F0D06653} = {07EF1061-8321-4B5C-8EF3-CB36797DBC4A}
		{B6C4D240-3C19-474A-BAB3-4F49C7E8112D} = {07EF1061-8321-4B5C-8EF3-CB36797DBC4A}
		{1685FD24-3F61-4FB1-B0A2-F04CA8E811B5} = {1F378907-2727-4FCB-B737-EC9B236F3A7F}
		{F50C7098-8F1C-4310-90DF-A94584AF5059} = {E48EC100-F062-4839-8F6B-247A426E5F63}
		{359AC620-6BBC-4CF2-8302-B9E9CAD9DFA9} = {F50C7098-8F1C-4310-90DF-A94584AF5059}
		{BC8670B4-F46C-4504-9790-B9C16253182B} = {E48EC100-F062-4839-8F6B-247A426E5F63}
		{CBCA6A06-B5F7-4706-8265-F1BEB0C9748A} = {BC8670B4-F46C-4504-9790-B9C16253182B}
		{70663122-FE31-4C85-9111-E43FAE143892} = {E48EC100-F062-4839-8F6B-247A426E5F63}
		{C34C4162-5FB2-4FDF-A5FB-C74B29D39D35} = {70663122-FE31-4C85-9111-E43FAE143892}
		{9FB27BD4-F209-402E-A8B9-8D87F9E9358E} = {70663122-FE31-4C85-9111-E43FAE143892}
		{CFDF6389-CFB8-47EE-B501-76566DD04653} = {A98FF42B-E639-4A9B-8472-C085545040A9}
		{185A5D7A-5AD6-4893-A1C0-D05892B78341} = {A98FF42B-E639-4A9B-8472-C085545040A9}
		{6A9C1EBA-7860-4370-81FD-8AF849C0F985} = {A98FF42B-E639-4A9B-8472-C085545040A9}
		{1E4C715B-9C72-4572-ACBA-165B66CAE160} = {A98FF42B-E639-4A9B-8472-C085545040A9}
		{BDA6C036-697B-4DC4-8162-D0B7A632EAEB} = {1E4C715B-9C72-4572-ACBA-165B66CAE160}
	EndGlobalSection
	GlobalSection(ExtensibilityGlobals) = postSolution
		SolutionGuid = {01C09EB8-86E9-4237-8533-7BFDE2339810}
	EndGlobalSection
EndGlobal
