
Microsoft Visual Studio Solution File, Format Version 12.00
# Visual Studio Version 16
VisualStudioVersion = 16.0.32228.343
MinimumVisualStudioVersion = 10.0.40219.1
Project("{2150E333-8FDC-42A3-9474-1A3956D46DE8}") = "Sample", "Sample", "{07EF1061-8321-4B5C-8EF3-CB36797DBC4A}"
EndProject
Project("{FAE04EC0-301F-11D3-BF4B-00C04F79EFBC}") = "ConsoleApp0411", "Sample\ConsoleApp0411\ConsoleApp0411.csproj", "{B68CA503-33D8-4ED8-BCE4-E4E2F0D06653}"
EndProject
Project("{FAE04EC0-301F-11D3-BF4B-00C04F79EFBC}") = "WindowsFormsApp1", "Sample\WindowsFormsApp1\WindowsFormsApp1.csproj", "{64FA9F35-5228-42C8-9C3F-4A5FDCC7A8A2}"
EndProject
Project("{FAE04EC0-301F-11D3-BF4B-00C04F79EFBC}") = "BallApp", "Sample\BallApp\BallApp.csproj", "{B6C4D240-3C19-474A-BAB3-4F49C7E8112D}"
EndProject
Global
	GlobalSection(SolutionConfigurationPlatforms) = preSolution
		Debug|Any CPU = Debug|Any CPU
		Release|Any CPU = Release|Any CPU
	EndGlobalSection
	GlobalSection(ProjectConfigurationPlatforms) = postSolution
		{B68CA503-33D8-4ED8-BCE4-E4E2F0D06653}.Debug|Any CPU.ActiveCfg = Debug|Any CPU
		{B68CA503-33D8-4ED8-BCE4-E4E2F0D06653}.Debug|Any CPU.Build.0 = Debug|Any CPU
		{B68CA503-33D8-4ED8-BCE4-E4E2F0D06653}.Release|Any CPU.ActiveCfg = Release|Any CPU
		{B68CA503-33D8-4ED8-BCE4-E4E2F0D06653}.Release|Any CPU.Build.0 = Release|Any CPU
		{64FA9F35-5228-42C8-9C3F-4A5FDCC7A8A2}.Debug|Any CPU.ActiveCfg = Debug|Any CPU
		{64FA9F35-5228-42C8-9C3F-4A5FDCC7A8A2}.Debug|Any CPU.Build.0 = Debug|Any CPU
		{64FA9F35-5228-42C8-9C3F-4A5FDCC7A8A2}.Release|Any CPU.ActiveCfg = Release|Any CPU
		{64FA9F35-5228-42C8-9C3F-4A5FDCC7A8A2}.Release|Any CPU.Build.0 = Release|Any CPU
		{B6C4D240-3C19-474A-BAB3-4F49C7E8112D}.Debug|Any CPU.ActiveCfg = Debug|Any CPU
		{B6C4D240-3C19-474A-BAB3-4F49C7E8112D}.Debug|Any CPU.Build.0 = Debug|Any CPU
		{B6C4D240-3C19-474A-BAB3-4F49C7E8112D}.Release|Any CPU.ActiveCfg = Release|Any CPU
		{B6C4D240-3C19-474A-BAB3-4F49C7E8112D}.Release|Any CPU.Build.0 = Release|Any CPU
	EndGlobalSection
	GlobalSection(SolutionProperties) = preSolution
		HideSolutionNode = FALSE
	EndGlobalSection
	GlobalSection(NestedProjects) = preSolution
		{B68CA503-33D8-4ED8-BCE4-E4E2F0D06653} = {07EF1061-8321-4B5C-8EF3-CB36797DBC4A}
		{64FA9F35-5228-42C8-9C3F-4A5FDCC7A8A2} = {07EF1061-8321-4B5C-8EF3-CB36797DBC4A}
		{B6C4D240-3C19-474A-BAB3-4F49C7E8112D} = {07EF1061-8321-4B5C-8EF3-CB36797DBC4A}
	EndGlobalSection
	GlobalSection(ExtensibilityGlobals) = postSolution
		SolutionGuid = {01C09EB8-86E9-4237-8533-7BFDE2339810}
	EndGlobalSection
EndGlobal
