
Microsoft Visual Studio Solution File, Format Version 12.00
# Visual Studio Version 16
VisualStudioVersion = 16.0.32228.343
MinimumVisualStudioVersion = 10.0.40219.1
Project("{2150E333-8FDC-42A3-9474-1A3956D46DE8}") = "Sample", "Sample", "{07EF1061-8321-4B5C-8EF3-CB36797DBC4A}"
EndProject
Project("{FAE04EC0-301F-11D3-BF4B-00C04F79EFBC}") = "ConsoleApp0411", "Sample\ConsoleApp0411\ConsoleApp0411.csproj", "{B68CA503-33D8-4ED8-BCE4-E4E2F0D06653}"
EndProject
Project("{FAE04EC0-301F-11D3-BF4B-00C04F79EFBC}") = "BallApp", "Sample\BallApp\BallApp.csproj", "{B6C4D240-3C19-474A-BAB3-4F49C7E8112D}"
EndProject
Project("{2150E333-8FDC-42A3-9474-1A3956D46DE8}") = "Chapter01", "Chapter01", "{1F378907-2727-4FCB-B737-EC9B236F3A7F}"
EndProject
Project("{FAE04EC0-301F-11D3-BF4B-00C04F79EFBC}") = "ProductSample", "Chapter01\Product\ProductSample.csproj", "{1685FD24-3F61-4FB1-B0A2-F04CA8E811B5}"
EndProject
Project("{2150E333-8FDC-42A3-9474-1A3956D46DE8}") = "Chapter02", "Chapter02", "{E48EC100-F062-4839-8F6B-247A426E5F63}"
EndProject
Project("{2150E333-8FDC-42A3-9474-1A3956D46DE8}") = "距離換算プログラム", "距離換算プログラム", "{F50C7098-8F1C-4310-90DF-A94584AF5059}"
EndProject
Project("{FAE04EC0-301F-11D3-BF4B-00C04F79EFBC}") = "DistanceConverter", "Chapter02\距離換算プログラム\DistanceConverter\DistanceConverter.csproj", "{359AC620-6BBC-4CF2-8302-B9E9CAD9DFA9}"
EndProject
Project("{2150E333-8FDC-42A3-9474-1A3956D46DE8}") = "売上集計プログラム", "売上集計プログラム", "{BC8670B4-F46C-4504-9790-B9C16253182B}"
EndProject
Project("{FAE04EC0-301F-11D3-BF4B-00C04F79EFBC}") = "SalesCalculator", "Chapter02\売上集計プログラム\SalesCalculator\SalesCalculator.csproj", "{CBCA6A06-B5F7-4706-8265-F1BEB0C9748A}"
EndProject
Project("{2150E333-8FDC-42A3-9474-1A3956D46DE8}") = "演習問題", "演習問題", "{70663122-FE31-4C85-9111-E43FAE143892}"
EndProject
Project("{FAE04EC0-301F-11D3-BF4B-00C04F79EFBC}") = "Exercise01", "Chapter02\演習問題\Exercise01\Exercise01.csproj", "{C34C4162-5FB2-4FDF-A5FB-C74B29D39D35}"
EndProject
Project("{FAE04EC0-301F-11D3-BF4B-00C04F79EFBC}") = "Exercise02", "Chapter02\演習問題\Ecercise02\Exercise02\Exercise02.csproj", "{9FB27BD4-F209-402E-A8B9-8D87F9E9358E}"
EndProject
Project("{2150E333-8FDC-42A3-9474-1A3956D46DE8}") = "chapter03", "chapter03", "{A98FF42B-E639-4A9B-8472-C085545040A9}"
EndProject
Project("{FAE04EC0-301F-11D3-BF4B-00C04F79EFBC}") = "Section01", "Chapter03\Section01\Section01.csproj", "{CFDF6389-CFB8-47EE-B501-76566DD04653}"
EndProject
Project("{FAE04EC0-301F-11D3-BF4B-00C04F79EFBC}") = "Section03", "Chapter03\Section03\Section03.csproj", "{185A5D7A-5AD6-4893-A1C0-D05892B78341}"
EndProject
Project("{FAE04EC0-301F-11D3-BF4B-00C04F79EFBC}") = "Section04", "Chapter03\Section04\Section04.csproj", "{6A9C1EBA-7860-4370-81FD-8AF849C0F985}"
EndProject
Project("{2150E333-8FDC-42A3-9474-1A3956D46DE8}") = "演習問題", "演習問題", "{1E4C715B-9C72-4572-ACBA-165B66CAE160}"
EndProject
Project("{FAE04EC0-301F-11D3-BF4B-00C04F79EFBC}") = "Exercrise01", "Chapter03\演習問題\Exercrise01\Exercrise01.csproj", "{BDA6C036-697B-4DC4-8162-D0B7A632EAEB}"
EndProject
Project("{FAE04EC0-301F-11D3-BF4B-00C04F79EFBC}") = "Exercise02", "Chapter03\演習問題\Exercise02\Exercise02.csproj", "{96E18B63-4988-4E6E-BF0B-6CF5CA804FB6}"
EndProject
Project("{2150E333-8FDC-42A3-9474-1A3956D46DE8}") = "Chapter04", "Chapter04", "{AA04EE9D-046B-4135-AA46-91A7FBF8039B}"
EndProject
Project("{2150E333-8FDC-42A3-9474-1A3956D46DE8}") = "条件演算子'null'合体演算子", "条件演算子'null'合体演算子", "{095853A2-4383-423A-8719-F15A2D0BC8BA}"
EndProject
Project("{FAE04EC0-301F-11D3-BF4B-00C04F79EFBC}") = "Section04", "Chapter04\条件演算子'null'合体演算子\Section04\Section04.csproj", "{4C87AE17-DC74-48DB-ADDC-C44D3D68C871}"
EndProject
Project("{2150E333-8FDC-42A3-9474-1A3956D46DE8}") = "TryParse", "TryParse", "{2640591D-53D8-42E8-8038-B8A74302D6E1}"
EndProject
Project("{FAE04EC0-301F-11D3-BF4B-00C04F79EFBC}") = "Section07", "Chapter04\TryParse\Section07\Section07.csproj", "{5574EAB2-E9D6-4C6E-BF42-0069AC687D3F}"
EndProject
Project("{2150E333-8FDC-42A3-9474-1A3956D46DE8}") = "演習問題", "演習問題", "{D6E4BCEC-BEBF-4B0C-A48E-5F21C082AA01}"
EndProject
Project("{FAE04EC0-301F-11D3-BF4B-00C04F79EFBC}") = "Exercise01", "Chapter04\演習問題\Exercise01\Exercise01.csproj", "{DE6146A9-9668-44BF-B171-C6579E12FF73}"
EndProject
Project("{FAE04EC0-301F-11D3-BF4B-00C04F79EFBC}") = "Exercise02", "Chapter04\演習問題\Exercise02\Exercise02.csproj", "{B2CC3F4C-D168-45FF-BFC5-290332B56493}"
EndProject
Project("{2150E333-8FDC-42A3-9474-1A3956D46DE8}") = "Chapter05", "Chapter05", "{8EBE1581-2A2B-4DE3-B55F-EFD50F865092}"
EndProject
Project("{2150E333-8FDC-42A3-9474-1A3956D46DE8}") = "演習問題", "演習問題", "{202536CD-BEC4-4D67-B507-5BD36E32B2FB}"
EndProject
Project("{FAE04EC0-301F-11D3-BF4B-00C04F79EFBC}") = "Exercise01", "Chapter05\演習問題\Exercise01\Exercise01.csproj", "{F8CF0EE4-F948-4ADA-8830-02E8A6265C6B}"
EndProject
Project("{FAE04EC0-301F-11D3-BF4B-00C04F79EFBC}") = "Exercise02", "Chapter05\演習問題\Exercise02\Exercise02\Exercise02.csproj", "{7CED3C68-AC33-4FFD-99BD-09139CB23282}"
EndProject
Project("{FAE04EC0-301F-11D3-BF4B-00C04F79EFBC}") = "Exercise03", "Chapter05\演習問題\Exercise03\Exercise03\Exercise03.csproj", "{235260D9-3C44-460C-BBF9-15EA57C86982}"
EndProject
Project("{FAE04EC0-301F-11D3-BF4B-00C04F79EFBC}") = "Exercise04", "Chapter05\演習問題\Exercise04\Exercise04.csproj", "{03DB8251-9CC9-4DE1-9C85-6CF05050073B}"
EndProject
Project("{2150E333-8FDC-42A3-9474-1A3956D46DE8}") = "Chapter06", "Chapter06", "{249B855A-3405-43B4-99DA-AFDEFB1BF8B2}"
EndProject
Project("{FAE04EC0-301F-11D3-BF4B-00C04F79EFBC}") = "Section01", "Chapter06\Section01\Section01.csproj", "{AE991384-CE8C-45EC-AAF8-AACC63D1E5DF}"
EndProject
Project("{FAE04EC0-301F-11D3-BF4B-00C04F79EFBC}") = "Section02", "Chapter06\Section02\Section02\Section02.csproj", "{55218F5F-8983-4851-A68A-D305ED4A9DAD}"
EndProject
Project("{2150E333-8FDC-42A3-9474-1A3956D46DE8}") = "演習問題", "演習問題", "{B05BB37C-BB60-474D-84F5-DED26F7FBD91}"
EndProject
Project("{FAE04EC0-301F-11D3-BF4B-00C04F79EFBC}") = "Exercise02", "Chapter06\演習問題\Exercise02\Exercise02.csproj", "{F8D7698F-43B2-4240-B7CE-E563DADE50B2}"
EndProject
Project("{FAE04EC0-301F-11D3-BF4B-00C04F79EFBC}") = "Exercise01", "Chapter06\演習問題\Exercise01\Exercise01\Exercise01.csproj", "{441C1E24-9CC0-4BCB-8522-DD216E910986}"
EndProject
Project("{2150E333-8FDC-42A3-9474-1A3956D46DE8}") = "試験01", "試験01", "{8445321E-6268-4E48-AFD1-9C6F6924C564}"
EndProject
Project("{FAE04EC0-301F-11D3-BF4B-00C04F79EFBC}") = "Test01", "TestProject\Test01\Test01.csproj", "{2BFACDC3-F44D-4199-8498-F5C3C4AC0335}"
EndProject
Project("{FAE04EC0-301F-11D3-BF4B-00C04F79EFBC}") = "Test02", "TestProject\Test02\Test02.csproj", "{E461C0A8-8900-485C-B520-E929BA33F712}"
EndProject
Project("{2150E333-8FDC-42A3-9474-1A3956D46DE8}") = "Chapter07", "Chapter07", "{0EBD0792-54B7-432A-A42F-00591B1B07D4}"
EndProject
Project("{FAE04EC0-301F-11D3-BF4B-00C04F79EFBC}") = "Section01", "Chapter07\Section01\Section01.csproj", "{2A4B21D3-C64A-4916-822F-A6BD299B11DD}"
EndProject
Project("{FAE04EC0-301F-11D3-BF4B-00C04F79EFBC}") = "Section02", "Chapter07\Section02\Section02\Section02.csproj", "{8DCA36AE-3A02-482C-B575-EE7784812089}"
EndProject
Project("{FAE04EC0-301F-11D3-BF4B-00C04F79EFBC}") = "Section03", "Chapter07\Section03\Section03\Section03.csproj", "{35F08EBD-248E-413C-A98E-CB930AEB7F28}"
EndProject
Project("{2150E333-8FDC-42A3-9474-1A3956D46DE8}") = "演習問題", "演習問題", "{3F934BBF-9C0C-4E8A-B696-6CFAEDFB6F3B}"
EndProject
Project("{FAE04EC0-301F-11D3-BF4B-00C04F79EFBC}") = "Exercise01", "Chapter07\演習問題\Exercise01\Exercise01.csproj", "{E561F573-C9A8-4AA2-B366-2096FB9FDE11}"
EndProject
Project("{FAE04EC0-301F-11D3-BF4B-00C04F79EFBC}") = "Exercise02", "Chapter07\演習問題\Exercise02\Exercise02\Exercise02.csproj", "{64D14FA9-C517-45F9-93AD-909FD6050041}"
EndProject
Project("{2150E333-8FDC-42A3-9474-1A3956D46DE8}") = "Chapter08", "Chapter08", "{91D32F7D-35CD-499A-8038-FAA908270F4D}"
EndProject
Project("{2150E333-8FDC-42A3-9474-1A3956D46DE8}") = "演習問題", "演習問題", "{2CCD03D2-904E-445E-AE85-2741F19423BC}"
EndProject
Project("{FAE04EC0-301F-11D3-BF4B-00C04F79EFBC}") = "Exercise01", "Chapter08\演習問題\Exercise01\Exercise01.csproj", "{1AD5455C-4E3B-4E85-9C09-12FB11CDBEA3}"
EndProject
Project("{FAE04EC0-301F-11D3-BF4B-00C04F79EFBC}") = "Exercise02", "Chapter08\演習問題\Exercise02\Exercise02\Exercise02.csproj", "{80152388-4CC6-40A7-81DE-A762C8421413}"
EndProject
Project("{FAE04EC0-301F-11D3-BF4B-00C04F79EFBC}") = "Exercise03", "Chapter08\演習問題\Exercise03\Exercise03\Exercise03.csproj", "{BDE7D124-1E0C-474C-B0B2-AB3B2FB83415}"
EndProject
Project("{2150E333-8FDC-42A3-9474-1A3956D46DE8}") = "フォームアプリケーション", "フォームアプリケーション", "{AC9CBEC0-C138-49BA-AED4-BAB93F5D92D4}"
EndProject
Project("{FAE04EC0-301F-11D3-BF4B-00C04F79EFBC}") = "KarenndaApp", "Chapter08\フォームアプリケーション\KarenndaApp\KarenndaApp.csproj", "{9E70E473-FE97-4DF8-97D1-94D676A184A0}"
EndProject
Project("{2150E333-8FDC-42A3-9474-1A3956D46DE8}") = "FormApps", "FormApps", "{A761FC69-FB39-483B-BFF9-9B5E6C08F5DF}"
EndProject
Project("{FAE04EC0-301F-11D3-BF4B-00C04F79EFBC}") = "CarReportSystem", "FormApps\CarReportSystem\CarReportSystem\CarReportSystem.csproj", "{47BBA1D5-A5FA-452D-82D9-17AF95EAFB41}"
EndProject
Project("{2150E333-8FDC-42A3-9474-1A3956D46DE8}") = "Chapter13", "Chapter13", "{330A09D4-2744-49A5-93E0-FA9221C5AF4D}"
EndProject
Project("{FAE04EC0-301F-11D3-BF4B-00C04F79EFBC}") = "SampleEntityFramework", "Chapter13\SampleEntityFramework\SampleEntityFramework\SampleEntityFramework.csproj", "{F15120B9-3D00-442D-B987-735FF08A6EA7}"
EndProject
Project("{2150E333-8FDC-42A3-9474-1A3956D46DE8}") = "Chapter14", "Chapter14", "{5573B959-946F-47AB-81E8-6A18C452B5B0}"
EndProject
Project("{FAE04EC0-301F-11D3-BF4B-00C04F79EFBC}") = "Sepction01", "Chapter14\Sepction01\Sepction01.csproj", "{2921B4BC-9023-462D-B0F5-B48875DD59B4}"
EndProject
Project("{FAE04EC0-301F-11D3-BF4B-00C04F79EFBC}") = "Sepction02", "Chapter14\Sepction02\Sepction02.csproj", "{6FCB0B3A-D5FF-4DCB-A641-E3D613D407A9}"
EndProject
Global
	GlobalSection(SolutionConfigurationPlatforms) = preSolution
		Debug|Any CPU = Debug|Any CPU
		Release|Any CPU = Release|Any CPU
	EndGlobalSection
	GlobalSection(ProjectConfigurationPlatforms) = postSolution
		{B68CA503-33D8-4ED8-BCE4-E4E2F0D06653}.Debug|Any CPU.ActiveCfg = Debug|Any CPU
		{B68CA503-33D8-4ED8-BCE4-E4E2F0D06653}.Debug|Any CPU.Build.0 = Debug|Any CPU
		{B68CA503-33D8-4ED8-BCE4-E4E2F0D06653}.Release|Any CPU.ActiveCfg = Release|Any CPU
		{B68CA503-33D8-4ED8-BCE4-E4E2F0D06653}.Release|Any CPU.Build.0 = Release|Any CPU
		{B6C4D240-3C19-474A-BAB3-4F49C7E8112D}.Debug|Any CPU.ActiveCfg = Debug|Any CPU
		{B6C4D240-3C19-474A-BAB3-4F49C7E8112D}.Debug|Any CPU.Build.0 = Debug|Any CPU
		{B6C4D240-3C19-474A-BAB3-4F49C7E8112D}.Release|Any CPU.ActiveCfg = Release|Any CPU
		{B6C4D240-3C19-474A-BAB3-4F49C7E8112D}.Release|Any CPU.Build.0 = Release|Any CPU
		{1685FD24-3F61-4FB1-B0A2-F04CA8E811B5}.Debug|Any CPU.ActiveCfg = Debug|Any CPU
		{1685FD24-3F61-4FB1-B0A2-F04CA8E811B5}.Debug|Any CPU.Build.0 = Debug|Any CPU
		{1685FD24-3F61-4FB1-B0A2-F04CA8E811B5}.Release|Any CPU.ActiveCfg = Release|Any CPU
		{1685FD24-3F61-4FB1-B0A2-F04CA8E811B5}.Release|Any CPU.Build.0 = Release|Any CPU
		{359AC620-6BBC-4CF2-8302-B9E9CAD9DFA9}.Debug|Any CPU.ActiveCfg = Debug|Any CPU
		{359AC620-6BBC-4CF2-8302-B9E9CAD9DFA9}.Debug|Any CPU.Build.0 = Debug|Any CPU
		{359AC620-6BBC-4CF2-8302-B9E9CAD9DFA9}.Release|Any CPU.ActiveCfg = Release|Any CPU
		{359AC620-6BBC-4CF2-8302-B9E9CAD9DFA9}.Release|Any CPU.Build.0 = Release|Any CPU
		{CBCA6A06-B5F7-4706-8265-F1BEB0C9748A}.Debug|Any CPU.ActiveCfg = Debug|Any CPU
		{CBCA6A06-B5F7-4706-8265-F1BEB0C9748A}.Debug|Any CPU.Build.0 = Debug|Any CPU
		{CBCA6A06-B5F7-4706-8265-F1BEB0C9748A}.Release|Any CPU.ActiveCfg = Release|Any CPU
		{CBCA6A06-B5F7-4706-8265-F1BEB0C9748A}.Release|Any CPU.Build.0 = Release|Any CPU
		{C34C4162-5FB2-4FDF-A5FB-C74B29D39D35}.Debug|Any CPU.ActiveCfg = Debug|Any CPU
		{C34C4162-5FB2-4FDF-A5FB-C74B29D39D35}.Debug|Any CPU.Build.0 = Debug|Any CPU
		{C34C4162-5FB2-4FDF-A5FB-C74B29D39D35}.Release|Any CPU.ActiveCfg = Release|Any CPU
		{C34C4162-5FB2-4FDF-A5FB-C74B29D39D35}.Release|Any CPU.Build.0 = Release|Any CPU
		{9FB27BD4-F209-402E-A8B9-8D87F9E9358E}.Debug|Any CPU.ActiveCfg = Debug|Any CPU
		{9FB27BD4-F209-402E-A8B9-8D87F9E9358E}.Debug|Any CPU.Build.0 = Debug|Any CPU
		{9FB27BD4-F209-402E-A8B9-8D87F9E9358E}.Release|Any CPU.ActiveCfg = Release|Any CPU
		{9FB27BD4-F209-402E-A8B9-8D87F9E9358E}.Release|Any CPU.Build.0 = Release|Any CPU
		{CFDF6389-CFB8-47EE-B501-76566DD04653}.Debug|Any CPU.ActiveCfg = Debug|Any CPU
		{CFDF6389-CFB8-47EE-B501-76566DD04653}.Debug|Any CPU.Build.0 = Debug|Any CPU
		{CFDF6389-CFB8-47EE-B501-76566DD04653}.Release|Any CPU.ActiveCfg = Release|Any CPU
		{CFDF6389-CFB8-47EE-B501-76566DD04653}.Release|Any CPU.Build.0 = Release|Any CPU
		{185A5D7A-5AD6-4893-A1C0-D05892B78341}.Debug|Any CPU.ActiveCfg = Debug|Any CPU
		{185A5D7A-5AD6-4893-A1C0-D05892B78341}.Debug|Any CPU.Build.0 = Debug|Any CPU
		{185A5D7A-5AD6-4893-A1C0-D05892B78341}.Release|Any CPU.ActiveCfg = Release|Any CPU
		{185A5D7A-5AD6-4893-A1C0-D05892B78341}.Release|Any CPU.Build.0 = Release|Any CPU
		{6A9C1EBA-7860-4370-81FD-8AF849C0F985}.Debug|Any CPU.ActiveCfg = Debug|Any CPU
		{6A9C1EBA-7860-4370-81FD-8AF849C0F985}.Debug|Any CPU.Build.0 = Debug|Any CPU
		{6A9C1EBA-7860-4370-81FD-8AF849C0F985}.Release|Any CPU.ActiveCfg = Release|Any CPU
		{6A9C1EBA-7860-4370-81FD-8AF849C0F985}.Release|Any CPU.Build.0 = Release|Any CPU
		{BDA6C036-697B-4DC4-8162-D0B7A632EAEB}.Debug|Any CPU.ActiveCfg = Debug|Any CPU
		{BDA6C036-697B-4DC4-8162-D0B7A632EAEB}.Debug|Any CPU.Build.0 = Debug|Any CPU
		{BDA6C036-697B-4DC4-8162-D0B7A632EAEB}.Release|Any CPU.ActiveCfg = Release|Any CPU
		{BDA6C036-697B-4DC4-8162-D0B7A632EAEB}.Release|Any CPU.Build.0 = Release|Any CPU
		{96E18B63-4988-4E6E-BF0B-6CF5CA804FB6}.Debug|Any CPU.ActiveCfg = Debug|Any CPU
		{96E18B63-4988-4E6E-BF0B-6CF5CA804FB6}.Debug|Any CPU.Build.0 = Debug|Any CPU
		{96E18B63-4988-4E6E-BF0B-6CF5CA804FB6}.Release|Any CPU.ActiveCfg = Release|Any CPU
		{96E18B63-4988-4E6E-BF0B-6CF5CA804FB6}.Release|Any CPU.Build.0 = Release|Any CPU
		{4C87AE17-DC74-48DB-ADDC-C44D3D68C871}.Debug|Any CPU.ActiveCfg = Debug|Any CPU
		{4C87AE17-DC74-48DB-ADDC-C44D3D68C871}.Debug|Any CPU.Build.0 = Debug|Any CPU
		{4C87AE17-DC74-48DB-ADDC-C44D3D68C871}.Release|Any CPU.ActiveCfg = Release|Any CPU
		{4C87AE17-DC74-48DB-ADDC-C44D3D68C871}.Release|Any CPU.Build.0 = Release|Any CPU
		{5574EAB2-E9D6-4C6E-BF42-0069AC687D3F}.Debug|Any CPU.ActiveCfg = Debug|Any CPU
		{5574EAB2-E9D6-4C6E-BF42-0069AC687D3F}.Debug|Any CPU.Build.0 = Debug|Any CPU
		{5574EAB2-E9D6-4C6E-BF42-0069AC687D3F}.Release|Any CPU.ActiveCfg = Release|Any CPU
		{5574EAB2-E9D6-4C6E-BF42-0069AC687D3F}.Release|Any CPU.Build.0 = Release|Any CPU
		{DE6146A9-9668-44BF-B171-C6579E12FF73}.Debug|Any CPU.ActiveCfg = Debug|Any CPU
		{DE6146A9-9668-44BF-B171-C6579E12FF73}.Debug|Any CPU.Build.0 = Debug|Any CPU
		{DE6146A9-9668-44BF-B171-C6579E12FF73}.Release|Any CPU.ActiveCfg = Release|Any CPU
		{DE6146A9-9668-44BF-B171-C6579E12FF73}.Release|Any CPU.Build.0 = Release|Any CPU
		{B2CC3F4C-D168-45FF-BFC5-290332B56493}.Debug|Any CPU.ActiveCfg = Debug|Any CPU
		{B2CC3F4C-D168-45FF-BFC5-290332B56493}.Debug|Any CPU.Build.0 = Debug|Any CPU
		{B2CC3F4C-D168-45FF-BFC5-290332B56493}.Release|Any CPU.ActiveCfg = Release|Any CPU
		{B2CC3F4C-D168-45FF-BFC5-290332B56493}.Release|Any CPU.Build.0 = Release|Any CPU
		{F8CF0EE4-F948-4ADA-8830-02E8A6265C6B}.Debug|Any CPU.ActiveCfg = Debug|Any CPU
		{F8CF0EE4-F948-4ADA-8830-02E8A6265C6B}.Debug|Any CPU.Build.0 = Debug|Any CPU
		{F8CF0EE4-F948-4ADA-8830-02E8A6265C6B}.Release|Any CPU.ActiveCfg = Release|Any CPU
		{F8CF0EE4-F948-4ADA-8830-02E8A6265C6B}.Release|Any CPU.Build.0 = Release|Any CPU
		{7CED3C68-AC33-4FFD-99BD-09139CB23282}.Debug|Any CPU.ActiveCfg = Debug|Any CPU
		{7CED3C68-AC33-4FFD-99BD-09139CB23282}.Debug|Any CPU.Build.0 = Debug|Any CPU
		{7CED3C68-AC33-4FFD-99BD-09139CB23282}.Release|Any CPU.ActiveCfg = Release|Any CPU
		{7CED3C68-AC33-4FFD-99BD-09139CB23282}.Release|Any CPU.Build.0 = Release|Any CPU
		{235260D9-3C44-460C-BBF9-15EA57C86982}.Debug|Any CPU.ActiveCfg = Debug|Any CPU
		{235260D9-3C44-460C-BBF9-15EA57C86982}.Debug|Any CPU.Build.0 = Debug|Any CPU
		{235260D9-3C44-460C-BBF9-15EA57C86982}.Release|Any CPU.ActiveCfg = Release|Any CPU
		{235260D9-3C44-460C-BBF9-15EA57C86982}.Release|Any CPU.Build.0 = Release|Any CPU
		{03DB8251-9CC9-4DE1-9C85-6CF05050073B}.Debug|Any CPU.ActiveCfg = Debug|Any CPU
		{03DB8251-9CC9-4DE1-9C85-6CF05050073B}.Debug|Any CPU.Build.0 = Debug|Any CPU
		{03DB8251-9CC9-4DE1-9C85-6CF05050073B}.Release|Any CPU.ActiveCfg = Release|Any CPU
		{03DB8251-9CC9-4DE1-9C85-6CF05050073B}.Release|Any CPU.Build.0 = Release|Any CPU
		{AE991384-CE8C-45EC-AAF8-AACC63D1E5DF}.Debug|Any CPU.ActiveCfg = Debug|Any CPU
		{AE991384-CE8C-45EC-AAF8-AACC63D1E5DF}.Debug|Any CPU.Build.0 = Debug|Any CPU
		{AE991384-CE8C-45EC-AAF8-AACC63D1E5DF}.Release|Any CPU.ActiveCfg = Release|Any CPU
		{AE991384-CE8C-45EC-AAF8-AACC63D1E5DF}.Release|Any CPU.Build.0 = Release|Any CPU
		{55218F5F-8983-4851-A68A-D305ED4A9DAD}.Debug|Any CPU.ActiveCfg = Debug|Any CPU
		{55218F5F-8983-4851-A68A-D305ED4A9DAD}.Debug|Any CPU.Build.0 = Debug|Any CPU
		{55218F5F-8983-4851-A68A-D305ED4A9DAD}.Release|Any CPU.ActiveCfg = Release|Any CPU
		{55218F5F-8983-4851-A68A-D305ED4A9DAD}.Release|Any CPU.Build.0 = Release|Any CPU
		{F8D7698F-43B2-4240-B7CE-E563DADE50B2}.Debug|Any CPU.ActiveCfg = Debug|Any CPU
		{F8D7698F-43B2-4240-B7CE-E563DADE50B2}.Debug|Any CPU.Build.0 = Debug|Any CPU
		{F8D7698F-43B2-4240-B7CE-E563DADE50B2}.Release|Any CPU.ActiveCfg = Release|Any CPU
		{F8D7698F-43B2-4240-B7CE-E563DADE50B2}.Release|Any CPU.Build.0 = Release|Any CPU
		{441C1E24-9CC0-4BCB-8522-DD216E910986}.Debug|Any CPU.ActiveCfg = Debug|Any CPU
		{441C1E24-9CC0-4BCB-8522-DD216E910986}.Debug|Any CPU.Build.0 = Debug|Any CPU
		{441C1E24-9CC0-4BCB-8522-DD216E910986}.Release|Any CPU.ActiveCfg = Release|Any CPU
		{441C1E24-9CC0-4BCB-8522-DD216E910986}.Release|Any CPU.Build.0 = Release|Any CPU
		{2BFACDC3-F44D-4199-8498-F5C3C4AC0335}.Debug|Any CPU.ActiveCfg = Debug|Any CPU
		{2BFACDC3-F44D-4199-8498-F5C3C4AC0335}.Debug|Any CPU.Build.0 = Debug|Any CPU
		{2BFACDC3-F44D-4199-8498-F5C3C4AC0335}.Release|Any CPU.ActiveCfg = Release|Any CPU
		{2BFACDC3-F44D-4199-8498-F5C3C4AC0335}.Release|Any CPU.Build.0 = Release|Any CPU
		{E461C0A8-8900-485C-B520-E929BA33F712}.Debug|Any CPU.ActiveCfg = Debug|Any CPU
		{E461C0A8-8900-485C-B520-E929BA33F712}.Debug|Any CPU.Build.0 = Debug|Any CPU
		{E461C0A8-8900-485C-B520-E929BA33F712}.Release|Any CPU.ActiveCfg = Release|Any CPU
		{E461C0A8-8900-485C-B520-E929BA33F712}.Release|Any CPU.Build.0 = Release|Any CPU
		{2A4B21D3-C64A-4916-822F-A6BD299B11DD}.Debug|Any CPU.ActiveCfg = Debug|Any CPU
		{2A4B21D3-C64A-4916-822F-A6BD299B11DD}.Debug|Any CPU.Build.0 = Debug|Any CPU
		{2A4B21D3-C64A-4916-822F-A6BD299B11DD}.Release|Any CPU.ActiveCfg = Release|Any CPU
		{2A4B21D3-C64A-4916-822F-A6BD299B11DD}.Release|Any CPU.Build.0 = Release|Any CPU
		{8DCA36AE-3A02-482C-B575-EE7784812089}.Debug|Any CPU.ActiveCfg = Debug|Any CPU
		{8DCA36AE-3A02-482C-B575-EE7784812089}.Debug|Any CPU.Build.0 = Debug|Any CPU
		{8DCA36AE-3A02-482C-B575-EE7784812089}.Release|Any CPU.ActiveCfg = Release|Any CPU
		{8DCA36AE-3A02-482C-B575-EE7784812089}.Release|Any CPU.Build.0 = Release|Any CPU
		{35F08EBD-248E-413C-A98E-CB930AEB7F28}.Debug|Any CPU.ActiveCfg = Debug|Any CPU
		{35F08EBD-248E-413C-A98E-CB930AEB7F28}.Debug|Any CPU.Build.0 = Debug|Any CPU
		{35F08EBD-248E-413C-A98E-CB930AEB7F28}.Release|Any CPU.ActiveCfg = Release|Any CPU
		{35F08EBD-248E-413C-A98E-CB930AEB7F28}.Release|Any CPU.Build.0 = Release|Any CPU
		{E561F573-C9A8-4AA2-B366-2096FB9FDE11}.Debug|Any CPU.ActiveCfg = Debug|Any CPU
		{E561F573-C9A8-4AA2-B366-2096FB9FDE11}.Debug|Any CPU.Build.0 = Debug|Any CPU
		{E561F573-C9A8-4AA2-B366-2096FB9FDE11}.Release|Any CPU.ActiveCfg = Release|Any CPU
		{E561F573-C9A8-4AA2-B366-2096FB9FDE11}.Release|Any CPU.Build.0 = Release|Any CPU
		{64D14FA9-C517-45F9-93AD-909FD6050041}.Debug|Any CPU.ActiveCfg = Debug|Any CPU
		{64D14FA9-C517-45F9-93AD-909FD6050041}.Debug|Any CPU.Build.0 = Debug|Any CPU
		{64D14FA9-C517-45F9-93AD-909FD6050041}.Release|Any CPU.ActiveCfg = Release|Any CPU
		{64D14FA9-C517-45F9-93AD-909FD6050041}.Release|Any CPU.Build.0 = Release|Any CPU
		{1AD5455C-4E3B-4E85-9C09-12FB11CDBEA3}.Debug|Any CPU.ActiveCfg = Debug|Any CPU
		{1AD5455C-4E3B-4E85-9C09-12FB11CDBEA3}.Debug|Any CPU.Build.0 = Debug|Any CPU
		{1AD5455C-4E3B-4E85-9C09-12FB11CDBEA3}.Release|Any CPU.ActiveCfg = Release|Any CPU
		{1AD5455C-4E3B-4E85-9C09-12FB11CDBEA3}.Release|Any CPU.Build.0 = Release|Any CPU
		{80152388-4CC6-40A7-81DE-A762C8421413}.Debug|Any CPU.ActiveCfg = Debug|Any CPU
		{80152388-4CC6-40A7-81DE-A762C8421413}.Debug|Any CPU.Build.0 = Debug|Any CPU
		{80152388-4CC6-40A7-81DE-A762C8421413}.Release|Any CPU.ActiveCfg = Release|Any CPU
		{80152388-4CC6-40A7-81DE-A762C8421413}.Release|Any CPU.Build.0 = Release|Any CPU
		{BDE7D124-1E0C-474C-B0B2-AB3B2FB83415}.Debug|Any CPU.ActiveCfg = Debug|Any CPU
		{BDE7D124-1E0C-474C-B0B2-AB3B2FB83415}.Debug|Any CPU.Build.0 = Debug|Any CPU
		{BDE7D124-1E0C-474C-B0B2-AB3B2FB83415}.Release|Any CPU.ActiveCfg = Release|Any CPU
		{BDE7D124-1E0C-474C-B0B2-AB3B2FB83415}.Release|Any CPU.Build.0 = Release|Any CPU
		{9E70E473-FE97-4DF8-97D1-94D676A184A0}.Debug|Any CPU.ActiveCfg = Debug|Any CPU
		{9E70E473-FE97-4DF8-97D1-94D676A184A0}.Debug|Any CPU.Build.0 = Debug|Any CPU
		{9E70E473-FE97-4DF8-97D1-94D676A184A0}.Release|Any CPU.ActiveCfg = Release|Any CPU
		{9E70E473-FE97-4DF8-97D1-94D676A184A0}.Release|Any CPU.Build.0 = Release|Any CPU
		{47BBA1D5-A5FA-452D-82D9-17AF95EAFB41}.Debug|Any CPU.ActiveCfg = Debug|Any CPU
		{47BBA1D5-A5FA-452D-82D9-17AF95EAFB41}.Debug|Any CPU.Build.0 = Debug|Any CPU
		{47BBA1D5-A5FA-452D-82D9-17AF95EAFB41}.Release|Any CPU.ActiveCfg = Release|Any CPU
		{47BBA1D5-A5FA-452D-82D9-17AF95EAFB41}.Release|Any CPU.Build.0 = Release|Any CPU
		{F15120B9-3D00-442D-B987-735FF08A6EA7}.Debug|Any CPU.ActiveCfg = Debug|Any CPU
		{F15120B9-3D00-442D-B987-735FF08A6EA7}.Debug|Any CPU.Build.0 = Debug|Any CPU
		{F15120B9-3D00-442D-B987-735FF08A6EA7}.Release|Any CPU.ActiveCfg = Release|Any CPU
		{F15120B9-3D00-442D-B987-735FF08A6EA7}.Release|Any CPU.Build.0 = Release|Any CPU
		{2921B4BC-9023-462D-B0F5-B48875DD59B4}.Debug|Any CPU.ActiveCfg = Debug|Any CPU
		{2921B4BC-9023-462D-B0F5-B48875DD59B4}.Debug|Any CPU.Build.0 = Debug|Any CPU
		{2921B4BC-9023-462D-B0F5-B48875DD59B4}.Release|Any CPU.ActiveCfg = Release|Any CPU
		{2921B4BC-9023-462D-B0F5-B48875DD59B4}.Release|Any CPU.Build.0 = Release|Any CPU
		{6FCB0B3A-D5FF-4DCB-A641-E3D613D407A9}.Debug|Any CPU.ActiveCfg = Debug|Any CPU
		{6FCB0B3A-D5FF-4DCB-A641-E3D613D407A9}.Debug|Any CPU.Build.0 = Debug|Any CPU
		{6FCB0B3A-D5FF-4DCB-A641-E3D613D407A9}.Release|Any CPU.ActiveCfg = Release|Any CPU
		{6FCB0B3A-D5FF-4DCB-A641-E3D613D407A9}.Release|Any CPU.Build.0 = Release|Any CPU
	EndGlobalSection
	GlobalSection(SolutionProperties) = preSolution
		HideSolutionNode = FALSE
	EndGlobalSection
	GlobalSection(NestedProjects) = preSolution
		{B68CA503-33D8-4ED8-BCE4-E4E2F0D06653} = {07EF1061-8321-4B5C-8EF3-CB36797DBC4A}
		{B6C4D240-3C19-474A-BAB3-4F49C7E8112D} = {07EF1061-8321-4B5C-8EF3-CB36797DBC4A}
		{1685FD24-3F61-4FB1-B0A2-F04CA8E811B5} = {1F378907-2727-4FCB-B737-EC9B236F3A7F}
		{F50C7098-8F1C-4310-90DF-A94584AF5059} = {E48EC100-F062-4839-8F6B-247A426E5F63}
		{359AC620-6BBC-4CF2-8302-B9E9CAD9DFA9} = {F50C7098-8F1C-4310-90DF-A94584AF5059}
		{BC8670B4-F46C-4504-9790-B9C16253182B} = {E48EC100-F062-4839-8F6B-247A426E5F63}
		{CBCA6A06-B5F7-4706-8265-F1BEB0C9748A} = {BC8670B4-F46C-4504-9790-B9C16253182B}
		{70663122-FE31-4C85-9111-E43FAE143892} = {E48EC100-F062-4839-8F6B-247A426E5F63}
		{C34C4162-5FB2-4FDF-A5FB-C74B29D39D35} = {70663122-FE31-4C85-9111-E43FAE143892}
		{9FB27BD4-F209-402E-A8B9-8D87F9E9358E} = {70663122-FE31-4C85-9111-E43FAE143892}
		{CFDF6389-CFB8-47EE-B501-76566DD04653} = {A98FF42B-E639-4A9B-8472-C085545040A9}
		{185A5D7A-5AD6-4893-A1C0-D05892B78341} = {A98FF42B-E639-4A9B-8472-C085545040A9}
		{6A9C1EBA-7860-4370-81FD-8AF849C0F985} = {A98FF42B-E639-4A9B-8472-C085545040A9}
		{1E4C715B-9C72-4572-ACBA-165B66CAE160} = {A98FF42B-E639-4A9B-8472-C085545040A9}
		{BDA6C036-697B-4DC4-8162-D0B7A632EAEB} = {1E4C715B-9C72-4572-ACBA-165B66CAE160}
		{96E18B63-4988-4E6E-BF0B-6CF5CA804FB6} = {1E4C715B-9C72-4572-ACBA-165B66CAE160}
		{095853A2-4383-423A-8719-F15A2D0BC8BA} = {AA04EE9D-046B-4135-AA46-91A7FBF8039B}
		{4C87AE17-DC74-48DB-ADDC-C44D3D68C871} = {095853A2-4383-423A-8719-F15A2D0BC8BA}
		{2640591D-53D8-42E8-8038-B8A74302D6E1} = {AA04EE9D-046B-4135-AA46-91A7FBF8039B}
		{5574EAB2-E9D6-4C6E-BF42-0069AC687D3F} = {2640591D-53D8-42E8-8038-B8A74302D6E1}
		{D6E4BCEC-BEBF-4B0C-A48E-5F21C082AA01} = {AA04EE9D-046B-4135-AA46-91A7FBF8039B}
		{DE6146A9-9668-44BF-B171-C6579E12FF73} = {D6E4BCEC-BEBF-4B0C-A48E-5F21C082AA01}
		{B2CC3F4C-D168-45FF-BFC5-290332B56493} = {D6E4BCEC-BEBF-4B0C-A48E-5F21C082AA01}
		{202536CD-BEC4-4D67-B507-5BD36E32B2FB} = {8EBE1581-2A2B-4DE3-B55F-EFD50F865092}
		{F8CF0EE4-F948-4ADA-8830-02E8A6265C6B} = {202536CD-BEC4-4D67-B507-5BD36E32B2FB}
		{7CED3C68-AC33-4FFD-99BD-09139CB23282} = {202536CD-BEC4-4D67-B507-5BD36E32B2FB}
		{235260D9-3C44-460C-BBF9-15EA57C86982} = {202536CD-BEC4-4D67-B507-5BD36E32B2FB}
		{03DB8251-9CC9-4DE1-9C85-6CF05050073B} = {202536CD-BEC4-4D67-B507-5BD36E32B2FB}
		{AE991384-CE8C-45EC-AAF8-AACC63D1E5DF} = {249B855A-3405-43B4-99DA-AFDEFB1BF8B2}
		{55218F5F-8983-4851-A68A-D305ED4A9DAD} = {249B855A-3405-43B4-99DA-AFDEFB1BF8B2}
		{B05BB37C-BB60-474D-84F5-DED26F7FBD91} = {249B855A-3405-43B4-99DA-AFDEFB1BF8B2}
		{F8D7698F-43B2-4240-B7CE-E563DADE50B2} = {B05BB37C-BB60-474D-84F5-DED26F7FBD91}
		{441C1E24-9CC0-4BCB-8522-DD216E910986} = {B05BB37C-BB60-474D-84F5-DED26F7FBD91}
		{2BFACDC3-F44D-4199-8498-F5C3C4AC0335} = {8445321E-6268-4E48-AFD1-9C6F6924C564}
		{E461C0A8-8900-485C-B520-E929BA33F712} = {8445321E-6268-4E48-AFD1-9C6F6924C564}
		{2A4B21D3-C64A-4916-822F-A6BD299B11DD} = {0EBD0792-54B7-432A-A42F-00591B1B07D4}
		{8DCA36AE-3A02-482C-B575-EE7784812089} = {0EBD0792-54B7-432A-A42F-00591B1B07D4}
		{35F08EBD-248E-413C-A98E-CB930AEB7F28} = {0EBD0792-54B7-432A-A42F-00591B1B07D4}
		{3F934BBF-9C0C-4E8A-B696-6CFAEDFB6F3B} = {0EBD0792-54B7-432A-A42F-00591B1B07D4}
		{E561F573-C9A8-4AA2-B366-2096FB9FDE11} = {3F934BBF-9C0C-4E8A-B696-6CFAEDFB6F3B}
		{64D14FA9-C517-45F9-93AD-909FD6050041} = {3F934BBF-9C0C-4E8A-B696-6CFAEDFB6F3B}
		{2CCD03D2-904E-445E-AE85-2741F19423BC} = {91D32F7D-35CD-499A-8038-FAA908270F4D}
		{1AD5455C-4E3B-4E85-9C09-12FB11CDBEA3} = {2CCD03D2-904E-445E-AE85-2741F19423BC}
		{80152388-4CC6-40A7-81DE-A762C8421413} = {2CCD03D2-904E-445E-AE85-2741F19423BC}
		{BDE7D124-1E0C-474C-B0B2-AB3B2FB83415} = {2CCD03D2-904E-445E-AE85-2741F19423BC}
		{AC9CBEC0-C138-49BA-AED4-BAB93F5D92D4} = {91D32F7D-35CD-499A-8038-FAA908270F4D}
		{9E70E473-FE97-4DF8-97D1-94D676A184A0} = {AC9CBEC0-C138-49BA-AED4-BAB93F5D92D4}
		{47BBA1D5-A5FA-452D-82D9-17AF95EAFB41} = {A761FC69-FB39-483B-BFF9-9B5E6C08F5DF}
		{F15120B9-3D00-442D-B987-735FF08A6EA7} = {330A09D4-2744-49A5-93E0-FA9221C5AF4D}
		{2921B4BC-9023-462D-B0F5-B48875DD59B4} = {5573B959-946F-47AB-81E8-6A18C452B5B0}
		{6FCB0B3A-D5FF-4DCB-A641-E3D613D407A9} = {5573B959-946F-47AB-81E8-6A18C452B5B0}
	EndGlobalSection
	GlobalSection(ExtensibilityGlobals) = postSolution
		SolutionGuid = {01C09EB8-86E9-4237-8533-7BFDE2339810}
	EndGlobalSection
EndGlobal
